
Microsoft Visual Studio Solution File, Format Version 12.00
Project("{FAE04EC0-301F-11D3-BF4B-00C04F79EFBC}") = "TgPoster.Domain", "TgPoster.Domain\TgPoster.Domain.csproj", "{E935461C-ABEA-4ABD-964A-14989512247A}"
EndProject
Project("{FAE04EC0-301F-11D3-BF4B-00C04F79EFBC}") = "TgPoster.Storage", "TgPoster.Storage\TgPoster.Storage.csproj", "{0DDA73A7-1932-4AFE-A175-21E4C04C28E7}"
EndProject
Project("{2150E333-8FDC-42A3-9474-1A3956D46DE8}") = "Tests", "Tests", "{C08103D3-FE72-44CE-B6F4-D8583B4A725C}"
EndProject
Project("{FAE04EC0-301F-11D3-BF4B-00C04F79EFBC}") = "TgPoster.E2E", "TgPoster.E2E\TgPoster.E2E.csproj", "{A545D866-70C5-47B0-A45A-295ED4B60D79}"
EndProject
Project("{FAE04EC0-301F-11D3-BF4B-00C04F79EFBC}") = "TgPoster.Domain.Tests", "TgPoster.Domain.Tests\TgPoster.Domain.Tests.csproj", "{AF0E0C93-9DB7-4FE0-A978-151D85EDA5C2}"
EndProject
Project("{FAE04EC0-301F-11D3-BF4B-00C04F79EFBC}") = "TgPoster.Storage.Tests", "TgPoster.Storage.Tests\TgPoster.Storage.Tests.csproj", "{2171F941-1354-4D55-A6D0-E649830CD2D0}"
EndProject
Project("{FAE04EC0-301F-11D3-BF4B-00C04F79EFBC}") = "TgPoster.API", "TgPoster.API\TgPoster.API.csproj", "{8467393E-DC87-4987-87E2-21F80205AB84}"
EndProject
Project("{2150E333-8FDC-42A3-9474-1A3956D46DE8}") = "Utility", "Utility", "{0675C506-2113-48C0-BE9D-7245F6627261}"
EndProject
Project("{FAE04EC0-301F-11D3-BF4B-00C04F79EFBC}") = "Auth", "Auth\Auth.csproj", "{8F275DF3-9F2F-41B3-B48B-83B498D3E443}"
EndProject
Project("{FAE04EC0-301F-11D3-BF4B-00C04F79EFBC}") = "TgPoster.API.Tests", "TgPoster.API.Tests\TgPoster.API.Tests.csproj", "{278AAD4A-6541-4D10-A2A6-2E1F7DE5E9CE}"
EndProject
Global
	GlobalSection(SolutionConfigurationPlatforms) = preSolution
		Debug|Any CPU = Debug|Any CPU
		Release|Any CPU = Release|Any CPU
	EndGlobalSection
	GlobalSection(ProjectConfigurationPlatforms) = postSolution
		{E935461C-ABEA-4ABD-964A-14989512247A}.Debug|Any CPU.ActiveCfg = Debug|Any CPU
		{E935461C-ABEA-4ABD-964A-14989512247A}.Debug|Any CPU.Build.0 = Debug|Any CPU
		{E935461C-ABEA-4ABD-964A-14989512247A}.Release|Any CPU.ActiveCfg = Release|Any CPU
		{E935461C-ABEA-4ABD-964A-14989512247A}.Release|Any CPU.Build.0 = Release|Any CPU
		{0DDA73A7-1932-4AFE-A175-21E4C04C28E7}.Debug|Any CPU.ActiveCfg = Debug|Any CPU
		{0DDA73A7-1932-4AFE-A175-21E4C04C28E7}.Debug|Any CPU.Build.0 = Debug|Any CPU
		{0DDA73A7-1932-4AFE-A175-21E4C04C28E7}.Release|Any CPU.ActiveCfg = Release|Any CPU
		{0DDA73A7-1932-4AFE-A175-21E4C04C28E7}.Release|Any CPU.Build.0 = Release|Any CPU
		{A545D866-70C5-47B0-A45A-295ED4B60D79}.Debug|Any CPU.ActiveCfg = Debug|Any CPU
		{A545D866-70C5-47B0-A45A-295ED4B60D79}.Debug|Any CPU.Build.0 = Debug|Any CPU
		{A545D866-70C5-47B0-A45A-295ED4B60D79}.Release|Any CPU.ActiveCfg = Release|Any CPU
		{A545D866-70C5-47B0-A45A-295ED4B60D79}.Release|Any CPU.Build.0 = Release|Any CPU
		{AF0E0C93-9DB7-4FE0-A978-151D85EDA5C2}.Debug|Any CPU.ActiveCfg = Debug|Any CPU
		{AF0E0C93-9DB7-4FE0-A978-151D85EDA5C2}.Debug|Any CPU.Build.0 = Debug|Any CPU
		{AF0E0C93-9DB7-4FE0-A978-151D85EDA5C2}.Release|Any CPU.ActiveCfg = Release|Any CPU
		{AF0E0C93-9DB7-4FE0-A978-151D85EDA5C2}.Release|Any CPU.Build.0 = Release|Any CPU
		{2171F941-1354-4D55-A6D0-E649830CD2D0}.Debug|Any CPU.ActiveCfg = Debug|Any CPU
		{2171F941-1354-4D55-A6D0-E649830CD2D0}.Debug|Any CPU.Build.0 = Debug|Any CPU
		{2171F941-1354-4D55-A6D0-E649830CD2D0}.Release|Any CPU.ActiveCfg = Release|Any CPU
		{2171F941-1354-4D55-A6D0-E649830CD2D0}.Release|Any CPU.Build.0 = Release|Any CPU
		{8467393E-DC87-4987-87E2-21F80205AB84}.Debug|Any CPU.ActiveCfg = Debug|Any CPU
		{8467393E-DC87-4987-87E2-21F80205AB84}.Debug|Any CPU.Build.0 = Debug|Any CPU
		{8467393E-DC87-4987-87E2-21F80205AB84}.Release|Any CPU.ActiveCfg = Release|Any CPU
		{8467393E-DC87-4987-87E2-21F80205AB84}.Release|Any CPU.Build.0 = Release|Any CPU
		{8F275DF3-9F2F-41B3-B48B-83B498D3E443}.Debug|Any CPU.ActiveCfg = Debug|Any CPU
		{8F275DF3-9F2F-41B3-B48B-83B498D3E443}.Debug|Any CPU.Build.0 = Debug|Any CPU
		{8F275DF3-9F2F-41B3-B48B-83B498D3E443}.Release|Any CPU.ActiveCfg = Release|Any CPU
		{8F275DF3-9F2F-41B3-B48B-83B498D3E443}.Release|Any CPU.Build.0 = Release|Any CPU
		{278AAD4A-6541-4D10-A2A6-2E1F7DE5E9CE}.Debug|Any CPU.ActiveCfg = Debug|Any CPU
		{278AAD4A-6541-4D10-A2A6-2E1F7DE5E9CE}.Debug|Any CPU.Build.0 = Debug|Any CPU
		{278AAD4A-6541-4D10-A2A6-2E1F7DE5E9CE}.Release|Any CPU.ActiveCfg = Release|Any CPU
		{278AAD4A-6541-4D10-A2A6-2E1F7DE5E9CE}.Release|Any CPU.Build.0 = Release|Any CPU
	EndGlobalSection
	GlobalSection(NestedProjects) = preSolution
		{A545D866-70C5-47B0-A45A-295ED4B60D79} = {C08103D3-FE72-44CE-B6F4-D8583B4A725C}
		{AF0E0C93-9DB7-4FE0-A978-151D85EDA5C2} = {C08103D3-FE72-44CE-B6F4-D8583B4A725C}
		{2171F941-1354-4D55-A6D0-E649830CD2D0} = {C08103D3-FE72-44CE-B6F4-D8583B4A725C}
		{8F275DF3-9F2F-41B3-B48B-83B498D3E443} = {0675C506-2113-48C0-BE9D-7245F6627261}
		{278AAD4A-6541-4D10-A2A6-2E1F7DE5E9CE} = {C08103D3-FE72-44CE-B6F4-D8583B4A725C}
	EndGlobalSection
EndGlobal
